
Microsoft Visual Studio Solution File, Format Version 12.00
# Visual Studio 14
VisualStudioVersion = 14.0.25123.0
MinimumVisualStudioVersion = 10.0.40219.1
Project("{FAE04EC0-301F-11D3-BF4B-00C04F79EFBC}") = "PhotoLibraryWin", "PhotoLibraryWin\PhotoLibraryWin.csproj", "{6F83FE70-B759-4DF2-B8DC-5989A30D0EE2}"
EndProject
Project("{FAE04EC0-301F-11D3-BF4B-00C04F79EFBC}") = "PhotoLibraryWeb", "PhotoLibraryWeb\PhotoLibraryWeb.csproj", "{B13F1274-184D-4377-B653-580F20AF2C69}"
EndProject
Global
	GlobalSection(SolutionConfigurationPlatforms) = preSolution
		Debug|Any CPU = Debug|Any CPU
		Release|Any CPU = Release|Any CPU
	EndGlobalSection
	GlobalSection(ProjectConfigurationPlatforms) = postSolution
		{6F83FE70-B759-4DF2-B8DC-5989A30D0EE2}.Debug|Any CPU.ActiveCfg = Debug|Any CPU
		{6F83FE70-B759-4DF2-B8DC-5989A30D0EE2}.Debug|Any CPU.Build.0 = Debug|Any CPU
		{6F83FE70-B759-4DF2-B8DC-5989A30D0EE2}.Release|Any CPU.ActiveCfg = Release|Any CPU
		{6F83FE70-B759-4DF2-B8DC-5989A30D0EE2}.Release|Any CPU.Build.0 = Release|Any CPU
		{B13F1274-184D-4377-B653-580F20AF2C69}.Debug|Any CPU.ActiveCfg = Debug|Any CPU
		{B13F1274-184D-4377-B653-580F20AF2C69}.Debug|Any CPU.Build.0 = Debug|Any CPU
		{B13F1274-184D-4377-B653-580F20AF2C69}.Release|Any CPU.ActiveCfg = Release|Any CPU
		{B13F1274-184D-4377-B653-580F20AF2C69}.Release|Any CPU.Build.0 = Release|Any CPU
	EndGlobalSection
	GlobalSection(SolutionProperties) = preSolution
		HideSolutionNode = FALSE
	EndGlobalSection
EndGlobal
